
Microsoft Visual Studio Solution File, Format Version 11.00
# Visual Studio 2010
Project("{FAE04EC0-301F-11D3-BF4B-00C04F79EFBC}") = "Receipt", "Receipt\Receipt.csproj", "{74669B15-EECE-47D1-A7BB-605882D6C1B4}"
EndProject
Global
	GlobalSection(SolutionConfigurationPlatforms) = preSolution
		Debug|x86 = Debug|x86
		Release|x86 = Release|x86
	EndGlobalSection
	GlobalSection(ProjectConfigurationPlatforms) = postSolution
		{74669B15-EECE-47D1-A7BB-605882D6C1B4}.Debug|x86.ActiveCfg = Debug|x86
		{74669B15-EECE-47D1-A7BB-605882D6C1B4}.Debug|x86.Build.0 = Debug|x86
		{74669B15-EECE-47D1-A7BB-605882D6C1B4}.Release|x86.ActiveCfg = Release|x86
		{74669B15-EECE-47D1-A7BB-605882D6C1B4}.Release|x86.Build.0 = Release|x86
	EndGlobalSection
	GlobalSection(MonoDevelopProperties) = preSolution
		StartupItem = Receipt\Receipt.csproj
	EndGlobalSection
EndGlobal
