
Microsoft Visual Studio Solution File, Format Version 11.00
# Visual Studio 2010
Project("{FAE04EC0-301F-11D3-BF4B-00C04F79EFBC}") = "SemesterHours", "SemesterHours\SemesterHours.csproj", "{3A5FA632-F167-4167-87C1-99C94062BCA9}"
EndProject
Global
	GlobalSection(SolutionConfigurationPlatforms) = preSolution
		Debug|x86 = Debug|x86
		Release|x86 = Release|x86
	EndGlobalSection
	GlobalSection(ProjectConfigurationPlatforms) = postSolution
		{3A5FA632-F167-4167-87C1-99C94062BCA9}.Debug|x86.ActiveCfg = Debug|x86
		{3A5FA632-F167-4167-87C1-99C94062BCA9}.Debug|x86.Build.0 = Debug|x86
		{3A5FA632-F167-4167-87C1-99C94062BCA9}.Release|x86.ActiveCfg = Release|x86
		{3A5FA632-F167-4167-87C1-99C94062BCA9}.Release|x86.Build.0 = Release|x86
	EndGlobalSection
	GlobalSection(MonoDevelopProperties) = preSolution
		StartupItem = SemesterHours\SemesterHours.csproj
	EndGlobalSection
EndGlobal
